
Microsoft Visual Studio Solution File, Format Version 12.00
# Visual Studio Version 16
VisualStudioVersion = 16.0.31320.298
MinimumVisualStudioVersion = 10.0.40219.1
Project("{9A19103F-16F7-4668-BE54-9A1E7A4F7556}") = "SharpStartupTasks", "SharpStartupTasks\SharpStartupTasks.csproj", "{B81470A5-96E3-41EB-B009-D8926CDE19AD}"
EndProject
Project("{9A19103F-16F7-4668-BE54-9A1E7A4F7556}") = "Examples.AspNetCoreWebApi", "Examples.AspNetCoreWebApi\Examples.AspNetCoreWebApi.csproj", "{F0F3B752-C2DF-4588-A58E-778A0644AB04}"
EndProject
Project("{9A19103F-16F7-4668-BE54-9A1E7A4F7556}") = "Examples.SeparatedStartupTasks", "Examples.SeparatedStartupTasks\Examples.SeparatedStartupTasks.csproj", "{73FA04D1-4EA6-4454-A9E9-AA3BB749BCD1}"
EndProject
Project("{2150E333-8FDC-42A3-9474-1A3956D46DE8}") = "Solution Items", "Solution Items", "{5ED3F5A4-2119-4015-8E0B-1AA675FDD550}"
	ProjectSection(SolutionItems) = preProject
		Readme.md = Readme.md
	EndProjectSection
EndProject
Project("{FAE04EC0-301F-11D3-BF4B-00C04F79EFBC}") = "SharpStartupTasks.Abstractions", "SharpStartupTasks.Abstractions\SharpStartupTasks.Abstractions.csproj", "{EE70EE9A-646B-4D2D-8507-C2F63D9CAAC8}"
EndProject
Global
	GlobalSection(SolutionConfigurationPlatforms) = preSolution
		Debug|Any CPU = Debug|Any CPU
		Release|Any CPU = Release|Any CPU
	EndGlobalSection
	GlobalSection(ProjectConfigurationPlatforms) = postSolution
		{B81470A5-96E3-41EB-B009-D8926CDE19AD}.Debug|Any CPU.ActiveCfg = Debug|Any CPU
		{B81470A5-96E3-41EB-B009-D8926CDE19AD}.Debug|Any CPU.Build.0 = Debug|Any CPU
		{B81470A5-96E3-41EB-B009-D8926CDE19AD}.Release|Any CPU.ActiveCfg = Release|Any CPU
		{B81470A5-96E3-41EB-B009-D8926CDE19AD}.Release|Any CPU.Build.0 = Release|Any CPU
		{F0F3B752-C2DF-4588-A58E-778A0644AB04}.Debug|Any CPU.ActiveCfg = Debug|Any CPU
		{F0F3B752-C2DF-4588-A58E-778A0644AB04}.Debug|Any CPU.Build.0 = Debug|Any CPU
		{F0F3B752-C2DF-4588-A58E-778A0644AB04}.Release|Any CPU.ActiveCfg = Release|Any CPU
		{F0F3B752-C2DF-4588-A58E-778A0644AB04}.Release|Any CPU.Build.0 = Release|Any CPU
		{73FA04D1-4EA6-4454-A9E9-AA3BB749BCD1}.Debug|Any CPU.ActiveCfg = Debug|Any CPU
		{73FA04D1-4EA6-4454-A9E9-AA3BB749BCD1}.Debug|Any CPU.Build.0 = Debug|Any CPU
		{73FA04D1-4EA6-4454-A9E9-AA3BB749BCD1}.Release|Any CPU.ActiveCfg = Release|Any CPU
		{73FA04D1-4EA6-4454-A9E9-AA3BB749BCD1}.Release|Any CPU.Build.0 = Release|Any CPU
		{EE70EE9A-646B-4D2D-8507-C2F63D9CAAC8}.Debug|Any CPU.ActiveCfg = Debug|Any CPU
		{EE70EE9A-646B-4D2D-8507-C2F63D9CAAC8}.Debug|Any CPU.Build.0 = Debug|Any CPU
		{EE70EE9A-646B-4D2D-8507-C2F63D9CAAC8}.Release|Any CPU.ActiveCfg = Release|Any CPU
		{EE70EE9A-646B-4D2D-8507-C2F63D9CAAC8}.Release|Any CPU.Build.0 = Release|Any CPU
	EndGlobalSection
	GlobalSection(SolutionProperties) = preSolution
		HideSolutionNode = FALSE
	EndGlobalSection
	GlobalSection(ExtensibilityGlobals) = postSolution
		SolutionGuid = {70FA14F9-DC55-422B-B35A-9DF82F699E5E}
	EndGlobalSection
EndGlobal
